
Microsoft Visual Studio Solution File, Format Version 12.00
# Visual Studio Version 16
VisualStudioVersion = 16.0.29215.179
MinimumVisualStudioVersion = 10.0.40219.1
Project("{FAE04EC0-301F-11D3-BF4B-00C04F79EFBC}") = "DetalleEstudiante", "DetalleEstudiante\DetalleEstudiante.csproj", "{6F802CEA-E04E-4E49-8088-21F6A2108E3A}"
EndProject
Global
	GlobalSection(SolutionConfigurationPlatforms) = preSolution
		Debug|Any CPU = Debug|Any CPU
		Release|Any CPU = Release|Any CPU
	EndGlobalSection
	GlobalSection(ProjectConfigurationPlatforms) = postSolution
		{6F802CEA-E04E-4E49-8088-21F6A2108E3A}.Debug|Any CPU.ActiveCfg = Debug|Any CPU
		{6F802CEA-E04E-4E49-8088-21F6A2108E3A}.Debug|Any CPU.Build.0 = Debug|Any CPU
		{6F802CEA-E04E-4E49-8088-21F6A2108E3A}.Release|Any CPU.ActiveCfg = Release|Any CPU
		{6F802CEA-E04E-4E49-8088-21F6A2108E3A}.Release|Any CPU.Build.0 = Release|Any CPU
	EndGlobalSection
	GlobalSection(SolutionProperties) = preSolution
		HideSolutionNode = FALSE
	EndGlobalSection
	GlobalSection(ExtensibilityGlobals) = postSolution
		SolutionGuid = {A65D60D7-7241-400B-8D38-660DA4209D2B}
	EndGlobalSection
EndGlobal
